{
  "name": "growthchart",
  "version": "0.1.0",
  "lockfileVersion": 1,
  "dependencies": {
    "fhirclient": {
      "version": "0.1.12",
      "resolved": "https://registry.npmjs.org/fhirclient/-/fhirclient-0.1.12.tgz",
      "integrity": "sha1-2VKd4fXGO3YSADimiYOCv8UA2RY="
    },
    "roboto-fontface": {
      "version": "0.4.5",
      "resolved": "https://registry.npmjs.org/roboto-fontface/-/roboto-fontface-0.4.5.tgz",
      "integrity": "sha1-RNUvLjOpkLGWqI9mdtjEfstr6wo="
    }
  }
}
